
Microsoft Visual Studio Solution File, Format Version 12.00
# Visual Studio Version 17
VisualStudioVersion = 17.2.32519.379
MinimumVisualStudioVersion = 10.0.40219.1
Project("{FAE04EC0-301F-11D3-BF4B-00C04F79EFBC}") = "bootcampbonus2", "bootcampbonus2\bootcampbonus2.csproj", "{904F51D6-F234-4CB4-A549-0F290A74EF16}"
EndProject
Global
	GlobalSection(SolutionConfigurationPlatforms) = preSolution
		Debug|Any CPU = Debug|Any CPU
		Release|Any CPU = Release|Any CPU
	EndGlobalSection
	GlobalSection(ProjectConfigurationPlatforms) = postSolution
		{904F51D6-F234-4CB4-A549-0F290A74EF16}.Debug|Any CPU.ActiveCfg = Debug|Any CPU
		{904F51D6-F234-4CB4-A549-0F290A74EF16}.Debug|Any CPU.Build.0 = Debug|Any CPU
		{904F51D6-F234-4CB4-A549-0F290A74EF16}.Release|Any CPU.ActiveCfg = Release|Any CPU
		{904F51D6-F234-4CB4-A549-0F290A74EF16}.Release|Any CPU.Build.0 = Release|Any CPU
	EndGlobalSection
	GlobalSection(SolutionProperties) = preSolution
		HideSolutionNode = FALSE
	EndGlobalSection
	GlobalSection(ExtensibilityGlobals) = postSolution
		SolutionGuid = {E60F42EB-DCC8-49B3-B50E-196468C32CE3}
	EndGlobalSection
EndGlobal
